github.com/vxcontrol/rmx v1.0.0 h1:tUOStV2fXBm4xrtSjIye4bLHI0ud/IhkvMbaeMyp8ts=
github.com/vxcontrol/rmx v1.0.0/go.mod h1:1styoLiLxmoRJtwR6cjrcrt5LheQcFP+dXcSgr3W8ZQ=
github.com/vxcontrol/rmx v1.1.0 h1:iKkzPj0pkqe/DBS2XkOZn+i8GxbtJiFKEPCqOr8/2wE=
github.com/vxcontrol/rmx v1.1.0/go.mod h1:1styoLiLxmoRJtwR6cjrcrt5LheQcFP+dXcSgr3W8ZQ=
